
Microsoft Visual Studio Solution File, Format Version 12.00
# Visual Studio Version 16
VisualStudioVersion = 16.0.29709.97
MinimumVisualStudioVersion = 10.0.40219.1
Project("{8BC9CEB8-8B4A-11D0-8D11-00A0C91BC942}") = "MyNESEmulator", "MyNESEmulator\MyNESEmulator.vcxproj", "{D5C2E796-3A93-4C69-B216-6D2A30BCED5A}"
EndProject
Project("{8BC9CEB8-8B4A-11D0-8D11-00A0C91BC942}") = "OLCRenderer", "OLCRenderer\OLCRenderer.vcxproj", "{D8B2FCCC-9D74-4CF6-B112-2745F29368C1}"
EndProject
Project("{8BC9CEB8-8B4A-11D0-8D11-00A0C91BC942}") = "SDLRenderer", "SDLRenderer\SDLRenderer.vcxproj", "{5F8378EC-3488-4606-8C3D-4F922B205F4D}"
EndProject
Global
	GlobalSection(SolutionConfigurationPlatforms) = preSolution
		Debug|Any CPU = Debug|Any CPU
		Debug|x64 = Debug|x64
		Debug|x86 = Debug|x86
		Release|Any CPU = Release|Any CPU
		Release|x64 = Release|x64
		Release|x86 = Release|x86
	EndGlobalSection
	GlobalSection(ProjectConfigurationPlatforms) = postSolution
		{D5C2E796-3A93-4C69-B216-6D2A30BCED5A}.Debug|Any CPU.ActiveCfg = Debug|Win32
		{D5C2E796-3A93-4C69-B216-6D2A30BCED5A}.Debug|x64.ActiveCfg = Debug|x64
		{D5C2E796-3A93-4C69-B216-6D2A30BCED5A}.Debug|x64.Build.0 = Debug|x64
		{D5C2E796-3A93-4C69-B216-6D2A30BCED5A}.Debug|x86.ActiveCfg = Debug|Win32
		{D5C2E796-3A93-4C69-B216-6D2A30BCED5A}.Debug|x86.Build.0 = Debug|Win32
		{D5C2E796-3A93-4C69-B216-6D2A30BCED5A}.Release|Any CPU.ActiveCfg = Release|Win32
		{D5C2E796-3A93-4C69-B216-6D2A30BCED5A}.Release|x64.ActiveCfg = Release|x64
		{D5C2E796-3A93-4C69-B216-6D2A30BCED5A}.Release|x64.Build.0 = Release|x64
		{D5C2E796-3A93-4C69-B216-6D2A30BCED5A}.Release|x86.ActiveCfg = Release|Win32
		{D5C2E796-3A93-4C69-B216-6D2A30BCED5A}.Release|x86.Build.0 = Release|Win32
		{D8B2FCCC-9D74-4CF6-B112-2745F29368C1}.Debug|Any CPU.ActiveCfg = Debug|Win32
		{D8B2FCCC-9D74-4CF6-B112-2745F29368C1}.Debug|x64.ActiveCfg = Debug|x64
		{D8B2FCCC-9D74-4CF6-B112-2745F29368C1}.Debug|x64.Build.0 = Debug|x64
		{D8B2FCCC-9D74-4CF6-B112-2745F29368C1}.Debug|x86.ActiveCfg = Debug|Win32
		{D8B2FCCC-9D74-4CF6-B112-2745F29368C1}.Debug|x86.Build.0 = Debug|Win32
		{D8B2FCCC-9D74-4CF6-B112-2745F29368C1}.Release|Any CPU.ActiveCfg = Release|Win32
		{D8B2FCCC-9D74-4CF6-B112-2745F29368C1}.Release|x64.ActiveCfg = Release|x64
		{D8B2FCCC-9D74-4CF6-B112-2745F29368C1}.Release|x64.Build.0 = Release|x64
		{D8B2FCCC-9D74-4CF6-B112-2745F29368C1}.Release|x86.ActiveCfg = Release|Win32
		{D8B2FCCC-9D74-4CF6-B112-2745F29368C1}.Release|x86.Build.0 = Release|Win32
		{5F8378EC-3488-4606-8C3D-4F922B205F4D}.Debug|Any CPU.ActiveCfg = Debug|Win32
		{5F8378EC-3488-4606-8C3D-4F922B205F4D}.Debug|x64.ActiveCfg = Debug|x64
		{5F8378EC-3488-4606-8C3D-4F922B205F4D}.Debug|x64.Build.0 = Debug|x64
		{5F8378EC-3488-4606-8C3D-4F922B205F4D}.Debug|x86.ActiveCfg = Debug|Win32
		{5F8378EC-3488-4606-8C3D-4F922B205F4D}.Debug|x86.Build.0 = Debug|Win32
		{5F8378EC-3488-4606-8C3D-4F922B205F4D}.Release|Any CPU.ActiveCfg = Release|Win32
		{5F8378EC-3488-4606-8C3D-4F922B205F4D}.Release|x64.ActiveCfg = Release|x64
		{5F8378EC-3488-4606-8C3D-4F922B205F4D}.Release|x64.Build.0 = Release|x64
		{5F8378EC-3488-4606-8C3D-4F922B205F4D}.Release|x86.ActiveCfg = Release|Win32
		{5F8378EC-3488-4606-8C3D-4F922B205F4D}.Release|x86.Build.0 = Release|Win32
	EndGlobalSection
	GlobalSection(SolutionProperties) = preSolution
		HideSolutionNode = FALSE
	EndGlobalSection
	GlobalSection(ExtensibilityGlobals) = postSolution
		SolutionGuid = {7507BCA7-707C-4941-A413-6419815A847B}
	EndGlobalSection
EndGlobal
