<?xml version="1.0" encoding="utf-8"?>
<Project ToolsVersion="4.0" xmlns="http://schemas.microsoft.com/developer/msbuild/2003">
  <ItemGroup>
    <Filter Include="Source Files">
      <UniqueIdentifier>{4FC737F1-C7A5-4376-A066-2A32D752A2FF}</UniqueIdentifier>
      <Extensions>cpp;c;cc;cxx;def;odl;idl;hpj;bat;asm;asmx</Extensions>
    </Filter>
    <Filter Include="Header Files">
      <UniqueIdentifier>{93995380-89BD-4b04-88EB-625FBE52EBFB}</UniqueIdentifier>
      <Extensions>h;hh;hpp;hxx;hm;inl;inc;ipp;xsd</Extensions>
    </Filter>
    <Filter Include="Resource Files">
      <UniqueIdentifier>{67DA6AB6-F800-4c08-8B7A-83BB121AAD01}</UniqueIdentifier>
      <Extensions>rc;ico;cur;bmp;dlg;rc2;rct;bin;rgs;gif;jpg;jpeg;jpe;resx;tiff;tif;png;wav;mfcribbon-ms</Extensions>
    </Filter>
    <Filter Include="Source Files\Hardware">
      <UniqueIdentifier>{675ab958-8327-4431-b7a4-0e91bd335857}</UniqueIdentifier>
    </Filter>
    <Filter Include="Source Files\Constants">
      <UniqueIdentifier>{02d596d7-1e20-441e-825c-e556a9911155}</UniqueIdentifier>
    </Filter>
    <Filter Include="Source Files\Hardware_implementations">
      <UniqueIdentifier>{23181bd4-a456-467d-a172-ad36c92fc39b}</UniqueIdentifier>
    </Filter>
  </ItemGroup>
  <ItemGroup>
    <ClCompile Include="Bus.cpp">
      <Filter>Source Files\Hardware_implementations</Filter>
    </ClCompile>
    <ClCompile Include="mostech6502.cpp">
      <Filter>Source Files\Hardware_implementations</Filter>
    </ClCompile>
    <ClCompile Include="Cartridge.cpp">
      <Filter>Source Files\Hardware_implementations</Filter>
    </ClCompile>
    <ClCompile Include="PPU.cpp">
      <Filter>Source Files\Hardware_implementations</Filter>
    </ClCompile>
    <ClCompile Include="APU.cpp">
      <Filter>Source Files\Hardware_implementations</Filter>
    </ClCompile>
  </ItemGroup>
  <ItemGroup>
    <ClInclude Include="Bus.h">
      <Filter>Source Files\Hardware</Filter>
    </ClInclude>
    <ClInclude Include="NESConstants.h">
      <Filter>Source Files\Constants</Filter>
    </ClInclude>
    <ClInclude Include="mostech6502.h">
      <Filter>Source Files\Hardware</Filter>
    </ClInclude>
    <ClInclude Include="Cartridge.h">
      <Filter>Source Files\Hardware</Filter>
    </ClInclude>
    <ClInclude Include="PPU.h">
      <Filter>Source Files\Hardware</Filter>
    </ClInclude>
    <ClInclude Include="IMapper.h">
      <Filter>Source Files\Hardware</Filter>
    </ClInclude>
    <ClInclude Include="Mapper000.h">
      <Filter>Source Files\Hardware_implementations</Filter>
    </ClInclude>
    <ClInclude Include="APU.h">
      <Filter>Source Files\Hardware</Filter>
    </ClInclude>
    <ClInclude Include="NesCoreApi.h">
      <Filter>Source Files\Constants</Filter>
    </ClInclude>
    <ClInclude Include="CommonLibs.h">
      <Filter>Source Files\Constants</Filter>
    </ClInclude>
    <ClInclude Include="Mapper002.h">
      <Filter>Source Files\Hardware_implementations</Filter>
    </ClInclude>
  </ItemGroup>
</Project>