<?xml version="1.0" encoding="utf-8"?>
<Project ToolsVersion="4.0" xmlns="http://schemas.microsoft.com/developer/msbuild/2003">
  <ItemGroup>
    <Filter Include="Source Files">
      <UniqueIdentifier>{4FC737F1-C7A5-4376-A066-2A32D752A2FF}</UniqueIdentifier>
      <Extensions>cpp;c;cc;cxx;def;odl;idl;hpj;bat;asm;asmx</Extensions>
    </Filter>
    <Filter Include="Header Files">
      <UniqueIdentifier>{93995380-89BD-4b04-88EB-625FBE52EBFB}</UniqueIdentifier>
      <Extensions>h;hh;hpp;hxx;hm;inl;inc;ipp;xsd</Extensions>
    </Filter>
    <Filter Include="Resource Files">
      <UniqueIdentifier>{67DA6AB6-F800-4c08-8B7A-83BB121AAD01}</UniqueIdentifier>
      <Extensions>rc;ico;cur;bmp;dlg;rc2;rct;bin;rgs;gif;jpg;jpeg;jpe;resx;tiff;tif;png;wav;mfcribbon-ms</Extensions>
    </Filter>
    <Filter Include="Source Files\Hardware">
      <UniqueIdentifier>{675ab958-8327-4431-b7a4-0e91bd335857}</UniqueIdentifier>
    </Filter>
    <Filter Include="Source Files\Constants">
      <UniqueIdentifier>{02d596d7-1e20-441e-825c-e556a9911155}</UniqueIdentifier>
    </Filter>
    <Filter Include="Source Files\Hardware\Mappers">
      <UniqueIdentifier>{ace3b47f-bee0-419d-a184-b7e22bf50829}</UniqueIdentifier>
    </Filter>
    <Filter Include="Source Files\Hardware\Audio">
      <UniqueIdentifier>{0122e82f-9bea-48ee-9860-8f9571e1a310}</UniqueIdentifier>
    </Filter>
    <Filter Include="Source Files\Hardware\Cartridge">
      <UniqueIdentifier>{66fd187a-01c5-4d4f-8790-673f638debc0}</UniqueIdentifier>
    </Filter>
    <Filter Include="Source Files\Hardware\CPU">
      <UniqueIdentifier>{f0638a6f-3816-485b-95c4-54cf118a50ab}</UniqueIdentifier>
    </Filter>
    <Filter Include="Source Files\Hardware\Bus">
      <UniqueIdentifier>{6330dd07-9ce3-41f1-b707-dff8df162c75}</UniqueIdentifier>
    </Filter>
    <Filter Include="Source Files\Hardware\Graphics">
      <UniqueIdentifier>{df349f74-523e-440f-9e69-b0b86c03d227}</UniqueIdentifier>
    </Filter>
  </ItemGroup>
  <ItemGroup>
    <ClCompile Include="APU.cpp">
      <Filter>Source Files\Hardware\Audio</Filter>
    </ClCompile>
    <ClCompile Include="Cartridge.cpp">
      <Filter>Source Files\Hardware\Cartridge</Filter>
    </ClCompile>
    <ClCompile Include="Bus.cpp">
      <Filter>Source Files\Hardware\Bus</Filter>
    </ClCompile>
    <ClCompile Include="mostech6502.cpp">
      <Filter>Source Files\Hardware\CPU</Filter>
    </ClCompile>
    <ClCompile Include="PPU.cpp">
      <Filter>Source Files\Hardware\Graphics</Filter>
    </ClCompile>
  </ItemGroup>
  <ItemGroup>
    <ClInclude Include="NESConstants.h">
      <Filter>Source Files\Constants</Filter>
    </ClInclude>
    <ClInclude Include="NesCoreApi.h">
      <Filter>Source Files\Constants</Filter>
    </ClInclude>
    <ClInclude Include="CommonLibs.h">
      <Filter>Source Files\Constants</Filter>
    </ClInclude>
    <ClInclude Include="Mapper000.h">
      <Filter>Source Files\Hardware\Mappers</Filter>
    </ClInclude>
    <ClInclude Include="Mapper001.h">
      <Filter>Source Files\Hardware\Mappers</Filter>
    </ClInclude>
    <ClInclude Include="Mapper002.h">
      <Filter>Source Files\Hardware\Mappers</Filter>
    </ClInclude>
    <ClInclude Include="Mapper003.h">
      <Filter>Source Files\Hardware\Mappers</Filter>
    </ClInclude>
    <ClInclude Include="IMapper.h">
      <Filter>Source Files\Hardware\Mappers</Filter>
    </ClInclude>
    <ClInclude Include="APU.h">
      <Filter>Source Files\Hardware\Audio</Filter>
    </ClInclude>
    <ClInclude Include="Cartridge.h">
      <Filter>Source Files\Hardware\Cartridge</Filter>
    </ClInclude>
    <ClInclude Include="mostech6502.h">
      <Filter>Source Files\Hardware\CPU</Filter>
    </ClInclude>
    <ClInclude Include="PPU.h">
      <Filter>Source Files\Hardware\Graphics</Filter>
    </ClInclude>
    <ClInclude Include="Bus.h">
      <Filter>Source Files\Hardware\Bus</Filter>
    </ClInclude>
  </ItemGroup>
</Project>